
Microsoft Visual Studio Solution File, Format Version 12.00
# Visual Studio Version 17
VisualStudioVersion = 17.0.31903.59
MinimumVisualStudioVersion = 10.0.40219.1
Project("{2150E333-8FDC-42A3-9474-1A3956D46DE8}") = "src", "src", "{827E0CD3-B72D-47B6-A68D-7590B98EB39B}"
EndProject
Project("{FAE04EC0-301F-11D3-BF4B-00C04F79EFBC}") = "Efesto", "src\Efesto\Efesto.csproj", "{AF30AC67-595A-4532-AA1C-12CF71BC39B2}"
EndProject
Project("{FAE04EC0-301F-11D3-BF4B-00C04F79EFBC}") = "Efesto.Core", "src\Efesto.Core\Efesto.Core.csproj", "{2ACCEB3D-4DCD-452E-BD38-9B4DA98BA4EA}"
EndProject
Project("{FAE04EC0-301F-11D3-BF4B-00C04F79EFBC}") = "Efesto.Runner", "src\Efesto.Runner\Efesto.Runner.csproj", "{5376C619-3190-4D23-9641-67E541DD2B5C}"
EndProject
Project("{2150E333-8FDC-42A3-9474-1A3956D46DE8}") = "tests", "tests", "{0AB3BF05-4346-4AA6-1389-037BE0695223}"
EndProject
Project("{FAE04EC0-301F-11D3-BF4B-00C04F79EFBC}") = "Efesto.Tests", "tests\Efesto.Tests\Efesto.Tests.csproj", "{E8C69B85-BAF2-43A5-9A89-A21850C490BC}"
EndProject
Global
	GlobalSection(SolutionConfigurationPlatforms) = preSolution
		Debug|Any CPU = Debug|Any CPU
		Debug|x64 = Debug|x64
		Debug|x86 = Debug|x86
		Release|Any CPU = Release|Any CPU
		Release|x64 = Release|x64
		Release|x86 = Release|x86
	EndGlobalSection
	GlobalSection(ProjectConfigurationPlatforms) = postSolution
		{2ACCEB3D-4DCD-452E-BD38-9B4DA98BA4EA}.Debug|Any CPU.ActiveCfg = Debug|Any CPU
		{2ACCEB3D-4DCD-452E-BD38-9B4DA98BA4EA}.Debug|Any CPU.Build.0 = Debug|Any CPU
		{2ACCEB3D-4DCD-452E-BD38-9B4DA98BA4EA}.Debug|x64.ActiveCfg = Debug|Any CPU
		{2ACCEB3D-4DCD-452E-BD38-9B4DA98BA4EA}.Debug|x64.Build.0 = Debug|Any CPU
		{2ACCEB3D-4DCD-452E-BD38-9B4DA98BA4EA}.Debug|x86.ActiveCfg = Debug|Any CPU
		{2ACCEB3D-4DCD-452E-BD38-9B4DA98BA4EA}.Debug|x86.Build.0 = Debug|Any CPU
		{2ACCEB3D-4DCD-452E-BD38-9B4DA98BA4EA}.Release|Any CPU.ActiveCfg = Release|Any CPU
		{2ACCEB3D-4DCD-452E-BD38-9B4DA98BA4EA}.Release|Any CPU.Build.0 = Release|Any CPU
		{2ACCEB3D-4DCD-452E-BD38-9B4DA98BA4EA}.Release|x64.ActiveCfg = Release|Any CPU
		{2ACCEB3D-4DCD-452E-BD38-9B4DA98BA4EA}.Release|x64.Build.0 = Release|Any CPU
		{2ACCEB3D-4DCD-452E-BD38-9B4DA98BA4EA}.Release|x86.ActiveCfg = Release|Any CPU
		{2ACCEB3D-4DCD-452E-BD38-9B4DA98BA4EA}.Release|x86.Build.0 = Release|Any CPU
		{AF30AC67-595A-4532-AA1C-12CF71BC39B2}.Debug|Any CPU.ActiveCfg = Debug|x64
		{AF30AC67-595A-4532-AA1C-12CF71BC39B2}.Debug|Any CPU.Build.0 = Debug|x64
		{AF30AC67-595A-4532-AA1C-12CF71BC39B2}.Debug|x64.ActiveCfg = Debug|x64
		{AF30AC67-595A-4532-AA1C-12CF71BC39B2}.Debug|x64.Build.0 = Debug|x64
		{AF30AC67-595A-4532-AA1C-12CF71BC39B2}.Debug|x86.ActiveCfg = Debug|x64
		{AF30AC67-595A-4532-AA1C-12CF71BC39B2}.Debug|x86.Build.0 = Debug|x64
		{AF30AC67-595A-4532-AA1C-12CF71BC39B2}.Release|Any CPU.ActiveCfg = Release|x64
		{AF30AC67-595A-4532-AA1C-12CF71BC39B2}.Release|Any CPU.Build.0 = Release|x64
		{AF30AC67-595A-4532-AA1C-12CF71BC39B2}.Release|x64.ActiveCfg = Release|x64
		{AF30AC67-595A-4532-AA1C-12CF71BC39B2}.Release|x64.Build.0 = Release|x64
		{AF30AC67-595A-4532-AA1C-12CF71BC39B2}.Release|x86.ActiveCfg = Release|x64
		{AF30AC67-595A-4532-AA1C-12CF71BC39B2}.Release|x86.Build.0 = Release|x64
		{5376C619-3190-4D23-9641-67E541DD2B5C}.Debug|Any CPU.ActiveCfg = Debug|Any CPU
		{5376C619-3190-4D23-9641-67E541DD2B5C}.Debug|Any CPU.Build.0 = Debug|Any CPU
		{5376C619-3190-4D23-9641-67E541DD2B5C}.Debug|x64.ActiveCfg = Debug|Any CPU
		{5376C619-3190-4D23-9641-67E541DD2B5C}.Debug|x64.Build.0 = Debug|Any CPU
		{5376C619-3190-4D23-9641-67E541DD2B5C}.Debug|x86.ActiveCfg = Debug|Any CPU
		{5376C619-3190-4D23-9641-67E541DD2B5C}.Debug|x86.Build.0 = Debug|Any CPU
		{5376C619-3190-4D23-9641-67E541DD2B5C}.Release|Any CPU.ActiveCfg = Release|Any CPU
		{5376C619-3190-4D23-9641-67E541DD2B5C}.Release|Any CPU.Build.0 = Release|Any CPU
		{5376C619-3190-4D23-9641-67E541DD2B5C}.Release|x64.ActiveCfg = Release|Any CPU
		{5376C619-3190-4D23-9641-67E541DD2B5C}.Release|x64.Build.0 = Release|Any CPU
		{5376C619-3190-4D23-9641-67E541DD2B5C}.Release|x86.ActiveCfg = Release|Any CPU
		{5376C619-3190-4D23-9641-67E541DD2B5C}.Release|x86.Build.0 = Release|Any CPU
		{E8C69B85-BAF2-43A5-9A89-A21850C490BC}.Debug|Any CPU.ActiveCfg = Debug|Any CPU
		{E8C69B85-BAF2-43A5-9A89-A21850C490BC}.Debug|Any CPU.Build.0 = Debug|Any CPU
		{E8C69B85-BAF2-43A5-9A89-A21850C490BC}.Debug|x64.ActiveCfg = Debug|Any CPU
		{E8C69B85-BAF2-43A5-9A89-A21850C490BC}.Debug|x64.Build.0 = Debug|Any CPU
		{E8C69B85-BAF2-43A5-9A89-A21850C490BC}.Debug|x86.ActiveCfg = Debug|Any CPU
		{E8C69B85-BAF2-43A5-9A89-A21850C490BC}.Debug|x86.Build.0 = Debug|Any CPU
		{E8C69B85-BAF2-43A5-9A89-A21850C490BC}.Release|Any CPU.ActiveCfg = Release|Any CPU
		{E8C69B85-BAF2-43A5-9A89-A21850C490BC}.Release|Any CPU.Build.0 = Release|Any CPU
		{E8C69B85-BAF2-43A5-9A89-A21850C490BC}.Release|x64.ActiveCfg = Release|Any CPU
		{E8C69B85-BAF2-43A5-9A89-A21850C490BC}.Release|x64.Build.0 = Release|Any CPU
		{E8C69B85-BAF2-43A5-9A89-A21850C490BC}.Release|x86.ActiveCfg = Release|Any CPU
		{E8C69B85-BAF2-43A5-9A89-A21850C490BC}.Release|x86.Build.0 = Release|Any CPU
	EndGlobalSection
	GlobalSection(SolutionProperties) = preSolution
		HideSolutionNode = FALSE
	EndGlobalSection
	GlobalSection(NestedProjects) = preSolution
		{2ACCEB3D-4DCD-452E-BD38-9B4DA98BA4EA} = {827E0CD3-B72D-47B6-A68D-7590B98EB39B}
		{AF30AC67-595A-4532-AA1C-12CF71BC39B2} = {827E0CD3-B72D-47B6-A68D-7590B98EB39B}
		{5376C619-3190-4D23-9641-67E541DD2B5C} = {827E0CD3-B72D-47B6-A68D-7590B98EB39B}
		{E8C69B85-BAF2-43A5-9A89-A21850C490BC} = {0AB3BF05-4346-4AA6-1389-037BE0695223}
	EndGlobalSection
EndGlobal
